// !$*UTF8*$!
{
	archiveVersion = 1;
	classes = {
	};
	objectVersion = 46;
	objects = {

/* Begin PBXFileReference section */
		6EF90710196EEB2700378D29 /* c */ = {isa = PBXFileReference; explicitFileType = folder; includeInIndex = 0; path = c; sourceTree = BUILT_PRODUCTS_DIR; };
		6EF90714196EEB2700378D29 /* ContentInfo.plist */ = {isa = PBXFileReference; lastKnownFileType = text.plist.xml; path = ContentInfo.plist; sourceTree = "<group>"; };
/* End PBXFileReference section */

/* Begin PBXGroup section */
		6EF90709196EEB2700378D29 = {
			isa = PBXGroup;
			children = (
				6EF90712196EEB2700378D29 /* c */,
				6EF90711196EEB2700378D29 /* Products */,
			);
			sourceTree = "<group>";
		};
		6EF90711196EEB2700378D29 /* Products */ = {
			isa = PBXGroup;
			children = (
				6EF90710196EEB2700378D29 /* c */,
			);
			name = Products;
			sourceTree = "<group>";
		};
		6EF90712196EEB2700378D29 /* c */ = {
			isa = PBXGroup;
			children = (
				6EF90713196EEB2700378D29 /* Supporting Files */,
			);
			path = c;
			sourceTree = "<group>";
		};
		6EF90713196EEB2700378D29 /* Supporting Files */ = {
			isa = PBXGroup;
			children = (
				6EF90714196EEB2700378D29 /* ContentInfo.plist */,
			);
			name = "Supporting Files";
			sourceTree = "<group>";
		};
/* End PBXGroup section */

/* Begin PBXNativeTarget section */
		6EF9070F196EEB2700378D29 /* c */ = {
			isa = PBXNativeTarget;
			buildConfigurationList = 6EF90717196EEB2700378D29 /* Build configuration list for PBXNativeTarget "c" */;
			buildPhases = (
				6EF9070E196EEB2700378D29 /* Resources */,
			);
			buildRules = (
			);
			dependencies = (
			);
			name = c;
			productName = c;
			productReference = 6EF90710196EEB2700378D29 /* c */;
			productType = "com.apple.product-type.in-app-purchase-content";
		};
/* End PBXNativeTarget section */

/* Begin PBXProject section */
		6EF9070A196EEB2700378D29 /* Project object */ = {
			isa = PBXProject;
			attributes = {
				LastUpgradeCheck = 0510;
				ORGANIZATIONNAME = m;
			};
			buildConfigurationList = 6EF9070D196EEB2700378D29 /* Build configuration list for PBXProject "c" */;
			compatibilityVersion = "Xcode 3.2";
			developmentRegion = English;
			hasScannedForEncodings = 0;
			knownRegions = (
				en,
			);
			mainGroup = 6EF90709196EEB2700378D29;
			productRefGroup = 6EF90711196EEB2700378D29 /* Products */;
			projectDirPath = "";
			projectRoot = "";
			targets = (
				6EF9070F196EEB2700378D29 /* c */,
			);
		};
/* End PBXProject section */

/* Begin PBXResourcesBuildPhase section */
		6EF9070E196EEB2700378D29 /* Resources */ = {
			isa = PBXResourcesBuildPhase;
			buildActionMask = 2147483647;
			files = (
			);
			runOnlyForDeploymentPostprocessing = 0;
		};
/* End PBXResourcesBuildPhase section */

/* Begin XCBuildConfiguration section */
		6EF90715196EEB2700378D29 /* Debug */ = {
			isa = XCBuildConfiguration;
			buildSettings = {
				ALWAYS_SEARCH_USER_PATHS = NO;
				CLANG_CXX_LANGUAGE_STANDARD = "gnu++0x";
				CLANG_CXX_LIBRARY = "libc++";
				CLANG_ENABLE_MODULES = YES;
				CLANG_ENABLE_OBJC_ARC = YES;
				CLANG_WARN_BOOL_CONVERSION = YES;
				CLANG_WARN_CONSTANT_CONVERSION = YES;
				CLANG_WARN_DIRECT_OBJC_ISA_USAGE = YES_ERROR;
				CLANG_WARN_EMPTY_BODY = YES;
				CLANG_WARN_ENUM_CONVERSION = YES;
				CLANG_WARN_INT_CONVERSION = YES;
				CLANG_WARN_OBJC_ROOT_CLASS = YES_ERROR;
				CLANG_WARN__DUPLICATE_METHOD_MATCH = YES;
				COPY_PHASE_STRIP = NO;
				GCC_C_LANGUAGE_STANDARD = gnu99;
				GCC_DYNAMIC_NO_PIC = NO;
				GCC_OPTIMIZATION_LEVEL = 0;
				GCC_PREPROCESSOR_DEFINITIONS = (
					"DEBUG=1",
					"$(inherited)",
				);
				GCC_SYMBOLS_PRIVATE_EXTERN = NO;
				GCC_WARN_64_TO_32_BIT_CONVERSION = YES;
				GCC_WARN_ABOUT_RETURN_TYPE = YES_ERROR;
				GCC_WARN_UNDECLARED_SELECTOR = YES;
				GCC_WARN_UNINITIALIZED_AUTOS = YES_AGGRESSIVE;
				GCC_WARN_UNUSED_FUNCTION = YES;
				GCC_WARN_UNUSED_VARIABLE = YES;
			};
			name = Debug;
		};
		6EF90716196EEB2700378D29 /* Release */ = {
			isa = XCBuildConfiguration;
			buildSettings = {
				ALWAYS_SEARCH_USER_PATHS = NO;
				CLANG_CXX_LANGUAGE_STANDARD = "gnu++0x";
				CLANG_CXX_LIBRARY = "libc++";
				CLANG_ENABLE_MODULES = YES;
				CLANG_ENABLE_OBJC_ARC = YES;
				CLANG_WARN_BOOL_CONVERSION = YES;
				CLANG_WARN_CONSTANT_CONVERSION = YES;
				CLANG_WARN_DIRECT_OBJC_ISA_USAGE = YES_ERROR;
				CLANG_WARN_EMPTY_BODY = YES;
				CLANG_WARN_ENUM_CONVERSION = YES;
				CLANG_WARN_INT_CONVERSION = YES;
				CLANG_WARN_OBJC_ROOT_CLASS = YES_ERROR;
				CLANG_WARN__DUPLICATE_METHOD_MATCH = YES;
				COPY_PHASE_STRIP = YES;
				ENABLE_NS_ASSERTIONS = NO;
				GCC_C_LANGUAGE_STANDARD = gnu99;
				GCC_WARN_64_TO_32_BIT_CONVERSION = YES;
				GCC_WARN_ABOUT_RETURN_TYPE = YES_ERROR;
				GCC_WARN_UNDECLARED_SELECTOR = YES;
				GCC_WARN_UNINITIALIZED_AUTOS = YES_AGGRESSIVE;
				GCC_WARN_UNUSED_FUNCTION = YES;
				GCC_WARN_UNUSED_VARIABLE = YES;
			};
			name = Release;
		};
		6EF90718196EEB2700378D29 /* Debug */ = {
			isa = XCBuildConfiguration;
			buildSettings = {
				INFOPLIST_FILE = c/ContentInfo.plist;
				INSTALL_PATH = "$(LOCAL_LIBRARY_DIR)/InAppPurchaseContent";
				PRODUCT_NAME = "$(TARGET_NAME)";
				WRAPPER_EXTENSION = "";
			};
			name = Debug;
		};
		6EF90719196EEB2700378D29 /* Release */ = {
			isa = XCBuildConfiguration;
			buildSettings = {
				INFOPLIST_FILE = c/ContentInfo.plist;
				INSTALL_PATH = "$(LOCAL_LIBRARY_DIR)/InAppPurchaseContent";
				PRODUCT_NAME = "$(TARGET_NAME)";
				WRAPPER_EXTENSION = "";
			};
			name = Release;
		};
/* End XCBuildConfiguration section */

/* Begin XCConfigurationList section */
		6EF9070D196EEB2700378D29 /* Build configuration list for PBXProject "c" */ = {
			isa = XCConfigurationList;
			buildConfigurations = (
				6EF90715196EEB2700378D29 /* Debug */,
				6EF90716196EEB2700378D29 /* Release */,
			);
			defaultConfigurationIsVisible = 0;
			defaultConfigurationName = Release;
		};
		6EF90717196EEB2700378D29 /* Build configuration list for PBXNativeTarget "c" */ = {
			isa = XCConfigurationList;
			buildConfigurations = (
				6EF90718196EEB2700378D29 /* Debug */,
				6EF90719196EEB2700378D29 /* Release */,
			);
			defaultConfigurationIsVisible = 0;
		};
/* End XCConfigurationList section */
	};
	rootObject = 6EF9070A196EEB2700378D29 /* Project object */;
}
